
Microsoft Visual Studio Solution File, Format Version 12.00
# Visual Studio Version 17
VisualStudioVersion = 17.0.31903.59
MinimumVisualStudioVersion = 10.0.40219.1
Project("{FAE04EC0-301F-11D3-BF4B-00C04F79EFBC}") = "CpuSim.App", "CpuSim.App\CpuSim.App.csproj", "{ECD6180D-5970-4A89-A2DB-77B34F383F88}"
EndProject
Project("{FAE04EC0-301F-11D3-BF4B-00C04F79EFBC}") = "CpuSim.Lib", "CpuSim.Lib\CpuSim.Lib.csproj", "{A711D28B-3083-4347-A411-AD89453521DD}"
EndProject
Project("{FAE04EC0-301F-11D3-BF4B-00C04F79EFBC}") = "CpuSim.Lib.Test", "CpuSim.Lib.Test\CpuSim.Lib.Test.csproj", "{C37D42BB-8CD9-4696-AB1A-0F69131862C0}"
EndProject
Global
	GlobalSection(SolutionConfigurationPlatforms) = preSolution
		Debug|Any CPU = Debug|Any CPU
		Release|Any CPU = Release|Any CPU
	EndGlobalSection
	GlobalSection(SolutionProperties) = preSolution
		HideSolutionNode = FALSE
	EndGlobalSection
	GlobalSection(ProjectConfigurationPlatforms) = postSolution
		{ECD6180D-5970-4A89-A2DB-77B34F383F88}.Debug|Any CPU.ActiveCfg = Debug|Any CPU
		{ECD6180D-5970-4A89-A2DB-77B34F383F88}.Debug|Any CPU.Build.0 = Debug|Any CPU
		{ECD6180D-5970-4A89-A2DB-77B34F383F88}.Release|Any CPU.ActiveCfg = Release|Any CPU
		{ECD6180D-5970-4A89-A2DB-77B34F383F88}.Release|Any CPU.Build.0 = Release|Any CPU
		{A711D28B-3083-4347-A411-AD89453521DD}.Debug|Any CPU.ActiveCfg = Debug|Any CPU
		{A711D28B-3083-4347-A411-AD89453521DD}.Debug|Any CPU.Build.0 = Debug|Any CPU
		{A711D28B-3083-4347-A411-AD89453521DD}.Release|Any CPU.ActiveCfg = Release|Any CPU
		{A711D28B-3083-4347-A411-AD89453521DD}.Release|Any CPU.Build.0 = Release|Any CPU
		{C37D42BB-8CD9-4696-AB1A-0F69131862C0}.Debug|Any CPU.ActiveCfg = Debug|Any CPU
		{C37D42BB-8CD9-4696-AB1A-0F69131862C0}.Debug|Any CPU.Build.0 = Debug|Any CPU
		{C37D42BB-8CD9-4696-AB1A-0F69131862C0}.Release|Any CPU.ActiveCfg = Release|Any CPU
		{C37D42BB-8CD9-4696-AB1A-0F69131862C0}.Release|Any CPU.Build.0 = Release|Any CPU
	EndGlobalSection
EndGlobal
